
Microsoft Visual Studio Solution File, Format Version 12.00
# Visual Studio Version 16
VisualStudioVersion = 16.0.31613.86
MinimumVisualStudioVersion = 10.0.40219.1
Project("{FAE04EC0-301F-11D3-BF4B-00C04F79EFBC}") = "if", "if\if.csproj", "{290FCB1C-73CB-4011-93E1-7723B5DF7A08}"
EndProject
Global
	GlobalSection(SolutionConfigurationPlatforms) = preSolution
		Debug|Any CPU = Debug|Any CPU
		Release|Any CPU = Release|Any CPU
	EndGlobalSection
	GlobalSection(ProjectConfigurationPlatforms) = postSolution
		{290FCB1C-73CB-4011-93E1-7723B5DF7A08}.Debug|Any CPU.ActiveCfg = Debug|Any CPU
		{290FCB1C-73CB-4011-93E1-7723B5DF7A08}.Debug|Any CPU.Build.0 = Debug|Any CPU
		{290FCB1C-73CB-4011-93E1-7723B5DF7A08}.Release|Any CPU.ActiveCfg = Release|Any CPU
		{290FCB1C-73CB-4011-93E1-7723B5DF7A08}.Release|Any CPU.Build.0 = Release|Any CPU
	EndGlobalSection
	GlobalSection(SolutionProperties) = preSolution
		HideSolutionNode = FALSE
	EndGlobalSection
	GlobalSection(ExtensibilityGlobals) = postSolution
		SolutionGuid = {8DB5034F-BC70-42B4-8AA1-89789E192004}
	EndGlobalSection
EndGlobal
